{
  "requires": true,
  "lockfileVersion": 1,
  "dependencies": {
    "@ngxs/logger-plugin": {
      "version": "3.6.2-dev.master-fbdefca",
      "resolved": "https://registry.npmjs.org/@ngxs/logger-plugin/-/logger-plugin-3.6.2-dev.master-fbdefca.tgz",
      "integrity": "sha512-yUZ/QuH2q3078lJglvK/r/GHP0A6vlgyuERghTdQybuICXNAYOH+Qnylckk4HTET/TW5lASqXBpSASmdvOJ6iQ==",
      "requires": {
        "tslib": "^1.9.0"
      }
    },
    "@ngxs/store": {
      "version": "3.6.2-dev.master-fbdefca",
      "resolved": "https://registry.npmjs.org/@ngxs/store/-/store-3.6.2-dev.master-fbdefca.tgz",
      "integrity": "sha512-eE9rhDSK1QZcOKOfAj78bUd2PX6308li3dVonw8y+vVJoJd7yWViH1UpVP/XGhajblludz/l1rqHEuqtSKUwlQ==",
      "requires": {
        "tslib": "^1.9.0"
      }
    },
    "tslib": {
      "version": "1.11.1",
      "resolved": "https://registry.npmjs.org/tslib/-/tslib-1.11.1.tgz",
      "integrity": "sha512-aZW88SY8kQbU7gpV19lN24LtXh/yD4ZZg6qieAJDDg+YBsJcSmLGK9QpnUjAKVG/xefmvJGd1WUmfpT/g6AJGA=="
    }
  }
}
